# Generated by buf. DO NOT EDIT.
version: v2
deps:
  - name: buf.build/bufbuild/protovalidate
    commit: 511051f7f4374c3ca873b53ae68a9288
    digest: b5:a4a2d4d808a25984cced60769c822c5d496ef0b740f56ac0c9e6b97aaa25b86a9332a00ffd74e0cd202be29e91bd3edfb0bf2ba4dacfe48ff2d8217f9986e3c8
  - name: buf.build/protocolbuffers/wellknowntypes
    commit: f17e05fe4a764a3482b8e033daec742e
    digest: b5:405a06d8a554f01c830c643879f54feffe2087a6927643dc9418403653ff4033227a2ce9b2b19b8ad350a611ef6576b4df109c96e5dfb6164191eb73d779fb21
